// !$*UTF8*$!
{
	archiveVersion = 1;
	classes = {
	};
	objectVersion = 46;
	objects = {

/* Begin PBXBuildFile section */
		A921FC111C909B9C009761E1 /* AppDelegate.swift in Sources */ = {isa = PBXBuildFile; fileRef = A921FC101C909B9C009761E1 /* AppDelegate.swift */; };
		A921FC131C909B9C009761E1 /* ViewController.swift in Sources */ = {isa = PBXBuildFile; fileRef = A921FC121C909B9C009761E1 /* ViewController.swift */; };
		A921FC161C909B9C009761E1 /* Main.storyboard in Resources */ = {isa = PBXBuildFile; fileRef = A921FC141C909B9C009761E1 /* Main.storyboard */; };
		A921FC191C909B9C009761E1 /* Example.xcdatamodeld in Sources */ = {isa = PBXBuildFile; fileRef = A921FC171C909B9C009761E1 /* Example.xcdatamodeld */; };
		A921FC1B1C909B9C009761E1 /* Assets.xcassets in Resources */ = {isa = PBXBuildFile; fileRef = A921FC1A1C909B9C009761E1 /* Assets.xcassets */; };
		A921FC1E1C909B9C009761E1 /* LaunchScreen.storyboard in Resources */ = {isa = PBXBuildFile; fileRef = A921FC1C1C909B9C009761E1 /* LaunchScreen.storyboard */; };
		A921FC2F1C909C24009761E1 /* ActiveRecordType.swift in Sources */ = {isa = PBXBuildFile; fileRef = A921FC271C909C24009761E1 /* ActiveRecordType.swift */; };
		A921FC301C909C24009761E1 /* CoreDataModel.swift in Sources */ = {isa = PBXBuildFile; fileRef = A921FC281C909C24009761E1 /* CoreDataModel.swift */; };
		A921FC311C909C24009761E1 /* CoreDataModel+CoreData.swift in Sources */ = {isa = PBXBuildFile; fileRef = A921FC291C909C24009761E1 /* CoreDataModel+CoreData.swift */; };
		A921FC321C909C24009761E1 /* Deletable.swift in Sources */ = {isa = PBXBuildFile; fileRef = A921FC2A1C909C24009761E1 /* Deletable.swift */; };
		A921FC331C909C24009761E1 /* ModelType.swift in Sources */ = {isa = PBXBuildFile; fileRef = A921FC2B1C909C24009761E1 /* ModelType.swift */; };
		A921FC341C909C24009761E1 /* NSManagedObject+EntityName.swift in Sources */ = {isa = PBXBuildFile; fileRef = A921FC2C1C909C24009761E1 /* NSManagedObject+EntityName.swift */; };
		A921FC351C909C24009761E1 /* Readeable.swift in Sources */ = {isa = PBXBuildFile; fileRef = A921FC2D1C909C24009761E1 /* Readeable.swift */; };
		A921FC361C909C24009761E1 /* Writable.swift in Sources */ = {isa = PBXBuildFile; fileRef = A921FC2E1C909C24009761E1 /* Writable.swift */; };
		A921FC3F1C909D02009761E1 /* Person.swift in Sources */ = {isa = PBXBuildFile; fileRef = A921FC3D1C909D02009761E1 /* Person.swift */; };
/* End PBXBuildFile section */

/* Begin PBXFileReference section */
		A921FC0D1C909B9C009761E1 /* Example.app */ = {isa = PBXFileReference; explicitFileType = wrapper.application; includeInIndex = 0; path = Example.app; sourceTree = BUILT_PRODUCTS_DIR; };
		A921FC101C909B9C009761E1 /* AppDelegate.swift */ = {isa = PBXFileReference; lastKnownFileType = sourcecode.swift; path = AppDelegate.swift; sourceTree = "<group>"; };
		A921FC121C909B9C009761E1 /* ViewController.swift */ = {isa = PBXFileReference; lastKnownFileType = sourcecode.swift; path = ViewController.swift; sourceTree = "<group>"; };
		A921FC151C909B9C009761E1 /* Base */ = {isa = PBXFileReference; lastKnownFileType = file.storyboard; name = Base; path = Base.lproj/Main.storyboard; sourceTree = "<group>"; };
		A921FC181C909B9C009761E1 /* Example.xcdatamodel */ = {isa = PBXFileReference; lastKnownFileType = wrapper.xcdatamodel; path = Example.xcdatamodel; sourceTree = "<group>"; };
		A921FC1A1C909B9C009761E1 /* Assets.xcassets */ = {isa = PBXFileReference; lastKnownFileType = folder.assetcatalog; path = Assets.xcassets; sourceTree = "<group>"; };
		A921FC1D1C909B9C009761E1 /* Base */ = {isa = PBXFileReference; lastKnownFileType = file.storyboard; name = Base; path = Base.lproj/LaunchScreen.storyboard; sourceTree = "<group>"; };
		A921FC1F1C909B9C009761E1 /* Info.plist */ = {isa = PBXFileReference; lastKnownFileType = text.plist.xml; path = Info.plist; sourceTree = "<group>"; };
		A921FC271C909C24009761E1 /* ActiveRecordType.swift */ = {isa = PBXFileReference; fileEncoding = 4; lastKnownFileType = sourcecode.swift; path = ActiveRecordType.swift; sourceTree = "<group>"; };
		A921FC281C909C24009761E1 /* CoreDataModel.swift */ = {isa = PBXFileReference; fileEncoding = 4; lastKnownFileType = sourcecode.swift; path = CoreDataModel.swift; sourceTree = "<group>"; };
		A921FC291C909C24009761E1 /* CoreDataModel+CoreData.swift */ = {isa = PBXFileReference; fileEncoding = 4; lastKnownFileType = sourcecode.swift; path = "CoreDataModel+CoreData.swift"; sourceTree = "<group>"; };
		A921FC2A1C909C24009761E1 /* Deletable.swift */ = {isa = PBXFileReference; fileEncoding = 4; lastKnownFileType = sourcecode.swift; path = Deletable.swift; sourceTree = "<group>"; };
		A921FC2B1C909C24009761E1 /* ModelType.swift */ = {isa = PBXFileReference; fileEncoding = 4; lastKnownFileType = sourcecode.swift; path = ModelType.swift; sourceTree = "<group>"; };
		A921FC2C1C909C24009761E1 /* NSManagedObject+EntityName.swift */ = {isa = PBXFileReference; fileEncoding = 4; lastKnownFileType = sourcecode.swift; path = "NSManagedObject+EntityName.swift"; sourceTree = "<group>"; };
		A921FC2D1C909C24009761E1 /* Readeable.swift */ = {isa = PBXFileReference; fileEncoding = 4; lastKnownFileType = sourcecode.swift; path = Readeable.swift; sourceTree = "<group>"; };
		A921FC2E1C909C24009761E1 /* Writable.swift */ = {isa = PBXFileReference; fileEncoding = 4; lastKnownFileType = sourcecode.swift; path = Writable.swift; sourceTree = "<group>"; };
		A921FC3D1C909D02009761E1 /* Person.swift */ = {isa = PBXFileReference; fileEncoding = 4; lastKnownFileType = sourcecode.swift; path = Person.swift; sourceTree = "<group>"; };
/* End PBXFileReference section */

/* Begin PBXFrameworksBuildPhase section */
		A921FC0A1C909B9C009761E1 /* Frameworks */ = {
			isa = PBXFrameworksBuildPhase;
			buildActionMask = 2147483647;
			files = (
			);
			runOnlyForDeploymentPostprocessing = 0;
		};
/* End PBXFrameworksBuildPhase section */

/* Begin PBXGroup section */
		A921FC041C909B9C009761E1 = {
			isa = PBXGroup;
			children = (
				A921FC0F1C909B9C009761E1 /* Example */,
				A921FC0E1C909B9C009761E1 /* Products */,
			);
			sourceTree = "<group>";
		};
		A921FC0E1C909B9C009761E1 /* Products */ = {
			isa = PBXGroup;
			children = (
				A921FC0D1C909B9C009761E1 /* Example.app */,
			);
			name = Products;
			sourceTree = "<group>";
		};
		A921FC0F1C909B9C009761E1 /* Example */ = {
			isa = PBXGroup;
			children = (
				A921FC1A1C909B9C009761E1 /* Assets.xcassets */,
				A921FC1F1C909B9C009761E1 /* Info.plist */,
				A921FC101C909B9C009761E1 /* AppDelegate.swift */,
				A921FC121C909B9C009761E1 /* ViewController.swift */,
				A921FC141C909B9C009761E1 /* Main.storyboard */,
				A921FC1C1C909B9C009761E1 /* LaunchScreen.storyboard */,
				A921FC171C909B9C009761E1 /* Example.xcdatamodeld */,
				A921FC251C909BDC009761E1 /* Model */,
				A921FC261C909BE5009761E1 /* ActiveRecord */,
			);
			path = Example;
			sourceTree = "<group>";
		};
		A921FC251C909BDC009761E1 /* Model */ = {
			isa = PBXGroup;
			children = (
				A921FC3D1C909D02009761E1 /* Person.swift */,
			);
			name = Model;
			sourceTree = "<group>";
		};
		A921FC261C909BE5009761E1 /* ActiveRecord */ = {
			isa = PBXGroup;
			children = (
				A921FC371C909C29009761E1 /* Basics */,
				A921FC381C909C37009761E1 /* CoreDataModel */,
				A921FC391C909C45009761E1 /* Extensions */,
			);
			name = ActiveRecord;
			sourceTree = "<group>";
		};
		A921FC371C909C29009761E1 /* Basics */ = {
			isa = PBXGroup;
			children = (
				A921FC2A1C909C24009761E1 /* Deletable.swift */,
				A921FC2D1C909C24009761E1 /* Readeable.swift */,
				A921FC2E1C909C24009761E1 /* Writable.swift */,
			);
			name = Basics;
			sourceTree = "<group>";
		};
		A921FC381C909C37009761E1 /* CoreDataModel */ = {
			isa = PBXGroup;
			children = (
				A921FC271C909C24009761E1 /* ActiveRecordType.swift */,
				A921FC281C909C24009761E1 /* CoreDataModel.swift */,
				A921FC2B1C909C24009761E1 /* ModelType.swift */,
			);
			name = CoreDataModel;
			sourceTree = "<group>";
		};
		A921FC391C909C45009761E1 /* Extensions */ = {
			isa = PBXGroup;
			children = (
				A921FC291C909C24009761E1 /* CoreDataModel+CoreData.swift */,
				A921FC2C1C909C24009761E1 /* NSManagedObject+EntityName.swift */,
			);
			name = Extensions;
			sourceTree = "<group>";
		};
/* End PBXGroup section */

/* Begin PBXNativeTarget section */
		A921FC0C1C909B9C009761E1 /* Example */ = {
			isa = PBXNativeTarget;
			buildConfigurationList = A921FC221C909B9C009761E1 /* Build configuration list for PBXNativeTarget "Example" */;
			buildPhases = (
				A921FC091C909B9C009761E1 /* Sources */,
				A921FC0A1C909B9C009761E1 /* Frameworks */,
				A921FC0B1C909B9C009761E1 /* Resources */,
			);
			buildRules = (
			);
			dependencies = (
			);
			name = Example;
			productName = Example;
			productReference = A921FC0D1C909B9C009761E1 /* Example.app */;
			productType = "com.apple.product-type.application";
		};
/* End PBXNativeTarget section */

/* Begin PBXProject section */
		A921FC051C909B9C009761E1 /* Project object */ = {
			isa = PBXProject;
			attributes = {
				LastSwiftUpdateCheck = 0720;
				LastUpgradeCheck = 0720;
				ORGANIZATIONNAME = Equinocios;
				TargetAttributes = {
					A921FC0C1C909B9C009761E1 = {
						CreatedOnToolsVersion = 7.2.1;
					};
				};
			};
			buildConfigurationList = A921FC081C909B9C009761E1 /* Build configuration list for PBXProject "Example" */;
			compatibilityVersion = "Xcode 3.2";
			developmentRegion = English;
			hasScannedForEncodings = 0;
			knownRegions = (
				en,
				Base,
			);
			mainGroup = A921FC041C909B9C009761E1;
			productRefGroup = A921FC0E1C909B9C009761E1 /* Products */;
			projectDirPath = "";
			projectRoot = "";
			targets = (
				A921FC0C1C909B9C009761E1 /* Example */,
			);
		};
/* End PBXProject section */

/* Begin PBXResourcesBuildPhase section */
		A921FC0B1C909B9C009761E1 /* Resources */ = {
			isa = PBXResourcesBuildPhase;
			buildActionMask = 2147483647;
			files = (
				A921FC1E1C909B9C009761E1 /* LaunchScreen.storyboard in Resources */,
				A921FC1B1C909B9C009761E1 /* Assets.xcassets in Resources */,
				A921FC161C909B9C009761E1 /* Main.storyboard in Resources */,
			);
			runOnlyForDeploymentPostprocessing = 0;
		};
/* End PBXResourcesBuildPhase section */

/* Begin PBXSourcesBuildPhase section */
		A921FC091C909B9C009761E1 /* Sources */ = {
			isa = PBXSourcesBuildPhase;
			buildActionMask = 2147483647;
			files = (
				A921FC131C909B9C009761E1 /* ViewController.swift in Sources */,
				A921FC191C909B9C009761E1 /* Example.xcdatamodeld in Sources */,
				A921FC2F1C909C24009761E1 /* ActiveRecordType.swift in Sources */,
				A921FC311C909C24009761E1 /* CoreDataModel+CoreData.swift in Sources */,
				A921FC301C909C24009761E1 /* CoreDataModel.swift in Sources */,
				A921FC331C909C24009761E1 /* ModelType.swift in Sources */,
				A921FC341C909C24009761E1 /* NSManagedObject+EntityName.swift in Sources */,
				A921FC351C909C24009761E1 /* Readeable.swift in Sources */,
				A921FC361C909C24009761E1 /* Writable.swift in Sources */,
				A921FC3F1C909D02009761E1 /* Person.swift in Sources */,
				A921FC321C909C24009761E1 /* Deletable.swift in Sources */,
				A921FC111C909B9C009761E1 /* AppDelegate.swift in Sources */,
			);
			runOnlyForDeploymentPostprocessing = 0;
		};
/* End PBXSourcesBuildPhase section */

/* Begin PBXVariantGroup section */
		A921FC141C909B9C009761E1 /* Main.storyboard */ = {
			isa = PBXVariantGroup;
			children = (
				A921FC151C909B9C009761E1 /* Base */,
			);
			name = Main.storyboard;
			sourceTree = "<group>";
		};
		A921FC1C1C909B9C009761E1 /* LaunchScreen.storyboard */ = {
			isa = PBXVariantGroup;
			children = (
				A921FC1D1C909B9C009761E1 /* Base */,
			);
			name = LaunchScreen.storyboard;
			sourceTree = "<group>";
		};
/* End PBXVariantGroup section */

/* Begin XCBuildConfiguration section */
		A921FC201C909B9C009761E1 /* Debug */ = {
			isa = XCBuildConfiguration;
			buildSettings = {
				ALWAYS_SEARCH_USER_PATHS = NO;
				CLANG_CXX_LANGUAGE_STANDARD = "gnu++0x";
				CLANG_CXX_LIBRARY = "libc++";
				CLANG_ENABLE_MODULES = YES;
				CLANG_ENABLE_OBJC_ARC = YES;
				CLANG_WARN_BOOL_CONVERSION = YES;
				CLANG_WARN_CONSTANT_CONVERSION = YES;
				CLANG_WARN_DIRECT_OBJC_ISA_USAGE = YES_ERROR;
				CLANG_WARN_EMPTY_BODY = YES;
				CLANG_WARN_ENUM_CONVERSION = YES;
				CLANG_WARN_INT_CONVERSION = YES;
				CLANG_WARN_OBJC_ROOT_CLASS = YES_ERROR;
				CLANG_WARN_UNREACHABLE_CODE = YES;
				CLANG_WARN__DUPLICATE_METHOD_MATCH = YES;
				"CODE_SIGN_IDENTITY[sdk=iphoneos*]" = "iPhone Developer";
				COPY_PHASE_STRIP = NO;
				DEBUG_INFORMATION_FORMAT = dwarf;
				ENABLE_STRICT_OBJC_MSGSEND = YES;
				ENABLE_TESTABILITY = YES;
				GCC_C_LANGUAGE_STANDARD = gnu99;
				GCC_DYNAMIC_NO_PIC = NO;
				GCC_NO_COMMON_BLOCKS = YES;
				GCC_OPTIMIZATION_LEVEL = 0;
				GCC_PREPROCESSOR_DEFINITIONS = (
					"DEBUG=1",
					"$(inherited)",
				);
				GCC_WARN_64_TO_32_BIT_CONVERSION = YES;
				GCC_WARN_ABOUT_RETURN_TYPE = YES_ERROR;
				GCC_WARN_UNDECLARED_SELECTOR = YES;
				GCC_WARN_UNINITIALIZED_AUTOS = YES_AGGRESSIVE;
				GCC_WARN_UNUSED_FUNCTION = YES;
				GCC_WARN_UNUSED_VARIABLE = YES;
				IPHONEOS_DEPLOYMENT_TARGET = 9.2;
				MTL_ENABLE_DEBUG_INFO = YES;
				ONLY_ACTIVE_ARCH = YES;
				SDKROOT = iphoneos;
				SWIFT_OPTIMIZATION_LEVEL = "-Onone";
			};
			name = Debug;
		};
		A921FC211C909B9C009761E1 /* Release */ = {
			isa = XCBuildConfiguration;
			buildSettings = {
				ALWAYS_SEARCH_USER_PATHS = NO;
				CLANG_CXX_LANGUAGE_STANDARD = "gnu++0x";
				CLANG_CXX_LIBRARY = "libc++";
				CLANG_ENABLE_MODULES = YES;
				CLANG_ENABLE_OBJC_ARC = YES;
				CLANG_WARN_BOOL_CONVERSION = YES;
				CLANG_WARN_CONSTANT_CONVERSION = YES;
				CLANG_WARN_DIRECT_OBJC_ISA_USAGE = YES_ERROR;
				CLANG_WARN_EMPTY_BODY = YES;
				CLANG_WARN_ENUM_CONVERSION = YES;
				CLANG_WARN_INT_CONVERSION = YES;
				CLANG_WARN_OBJC_ROOT_CLASS = YES_ERROR;
				CLANG_WARN_UNREACHABLE_CODE = YES;
				CLANG_WARN__DUPLICATE_METHOD_MATCH = YES;
				"CODE_SIGN_IDENTITY[sdk=iphoneos*]" = "iPhone Developer";
				COPY_PHASE_STRIP = NO;
				DEBUG_INFORMATION_FORMAT = "dwarf-with-dsym";
				ENABLE_NS_ASSERTIONS = NO;
				ENABLE_STRICT_OBJC_MSGSEND = YES;
				GCC_C_LANGUAGE_STANDARD = gnu99;
				GCC_NO_COMMON_BLOCKS = YES;
				GCC_WARN_64_TO_32_BIT_CONVERSION = YES;
				GCC_WARN_ABOUT_RETURN_TYPE = YES_ERROR;
				GCC_WARN_UNDECLARED_SELECTOR = YES;
				GCC_WARN_UNINITIALIZED_AUTOS = YES_AGGRESSIVE;
				GCC_WARN_UNUSED_FUNCTION = YES;
				GCC_WARN_UNUSED_VARIABLE = YES;
				IPHONEOS_DEPLOYMENT_TARGET = 9.2;
				MTL_ENABLE_DEBUG_INFO = NO;
				SDKROOT = iphoneos;
				VALIDATE_PRODUCT = YES;
			};
			name = Release;
		};
		A921FC231C909B9C009761E1 /* Debug */ = {
			isa = XCBuildConfiguration;
			buildSettings = {
				ASSETCATALOG_COMPILER_APPICON_NAME = AppIcon;
				CODE_SIGN_IDENTITY = "iPhone Developer";
				INFOPLIST_FILE = Example/Info.plist;
				LD_RUNPATH_SEARCH_PATHS = "$(inherited) @executable_path/Frameworks";
				PRODUCT_BUNDLE_IDENTIFIER = com.equinocios.Example;
				PRODUCT_NAME = "$(TARGET_NAME)";
			};
			name = Debug;
		};
		A921FC241C909B9C009761E1 /* Release */ = {
			isa = XCBuildConfiguration;
			buildSettings = {
				ASSETCATALOG_COMPILER_APPICON_NAME = AppIcon;
				CODE_SIGN_IDENTITY = "iPhone Developer";
				INFOPLIST_FILE = Example/Info.plist;
				LD_RUNPATH_SEARCH_PATHS = "$(inherited) @executable_path/Frameworks";
				PRODUCT_BUNDLE_IDENTIFIER = com.equinocios.Example;
				PRODUCT_NAME = "$(TARGET_NAME)";
			};
			name = Release;
		};
/* End XCBuildConfiguration section */

/* Begin XCConfigurationList section */
		A921FC081C909B9C009761E1 /* Build configuration list for PBXProject "Example" */ = {
			isa = XCConfigurationList;
			buildConfigurations = (
				A921FC201C909B9C009761E1 /* Debug */,
				A921FC211C909B9C009761E1 /* Release */,
			);
			defaultConfigurationIsVisible = 0;
			defaultConfigurationName = Release;
		};
		A921FC221C909B9C009761E1 /* Build configuration list for PBXNativeTarget "Example" */ = {
			isa = XCConfigurationList;
			buildConfigurations = (
				A921FC231C909B9C009761E1 /* Debug */,
				A921FC241C909B9C009761E1 /* Release */,
			);
			defaultConfigurationIsVisible = 0;
			defaultConfigurationName = Release;
		};
/* End XCConfigurationList section */

/* Begin XCVersionGroup section */
		A921FC171C909B9C009761E1 /* Example.xcdatamodeld */ = {
			isa = XCVersionGroup;
			children = (
				A921FC181C909B9C009761E1 /* Example.xcdatamodel */,
			);
			currentVersion = A921FC181C909B9C009761E1 /* Example.xcdatamodel */;
			path = Example.xcdatamodeld;
			sourceTree = "<group>";
			versionGroupType = wrapper.xcdatamodel;
		};
/* End XCVersionGroup section */
	};
	rootObject = A921FC051C909B9C009761E1 /* Project object */;
}
